
Microsoft Visual Studio Solution File, Format Version 12.00
# Visual Studio Version 17
VisualStudioVersion = 17.13.35931.197 d17.13
MinimumVisualStudioVersion = 10.0.40219.1
Project("{888888A0-9F3D-457C-B088-3A5042F75D52}") = "Senti_ana", "Senti_ana.pyproj", "{121CB0DA-40BB-4969-A76E-D24691DC0DCF}"
EndProject
Global
	GlobalSection(SolutionConfigurationPlatforms) = preSolution
		Debug|Any CPU = Debug|Any CPU
		Release|Any CPU = Release|Any CPU
	EndGlobalSection
	GlobalSection(ProjectConfigurationPlatforms) = postSolution
		{121CB0DA-40BB-4969-A76E-D24691DC0DCF}.Debug|Any CPU.ActiveCfg = Debug|Any CPU
		{121CB0DA-40BB-4969-A76E-D24691DC0DCF}.Release|Any CPU.ActiveCfg = Release|Any CPU
	EndGlobalSection
	GlobalSection(SolutionProperties) = preSolution
		HideSolutionNode = FALSE
	EndGlobalSection
	GlobalSection(ExtensibilityGlobals) = postSolution
		SolutionGuid = {6A237068-D282-4C05-A203-80A3F72BAA76}
	EndGlobalSection
EndGlobal
